
Microsoft Visual Studio Solution File, Format Version 12.00
# Visual Studio Version 17
VisualStudioVersion = 17.8.34309.116
MinimumVisualStudioVersion = 10.0.40219.1
Project("{FAE04EC0-301F-11D3-BF4B-00C04F79EFBC}") = "NoteTakingApp", "NoteTakingApp.csproj", "{22A5BA47-87F3-49D7-8F20-0E1E2E34CAC7}"
EndProject
Global
	GlobalSection(SolutionConfigurationPlatforms) = preSolution
		Debug|Any CPU = Debug|Any CPU
		Release|Any CPU = Release|Any CPU
	EndGlobalSection
	GlobalSection(ProjectConfigurationPlatforms) = postSolution
		{22A5BA47-87F3-49D7-8F20-0E1E2E34CAC7}.Debug|Any CPU.ActiveCfg = Debug|Any CPU
		{22A5BA47-87F3-49D7-8F20-0E1E2E34CAC7}.Debug|Any CPU.Build.0 = Debug|Any CPU
		{22A5BA47-87F3-49D7-8F20-0E1E2E34CAC7}.Release|Any CPU.ActiveCfg = Release|Any CPU
		{22A5BA47-87F3-49D7-8F20-0E1E2E34CAC7}.Release|Any CPU.Build.0 = Release|Any CPU
	EndGlobalSection
	GlobalSection(SolutionProperties) = preSolution
		HideSolutionNode = FALSE
	EndGlobalSection
	GlobalSection(ExtensibilityGlobals) = postSolution
		SolutionGuid = {95BAFD34-01B3-439D-9A5D-07A932268F25}
	EndGlobalSection
EndGlobal
